
Microsoft Visual Studio Solution File, Format Version 12.00
# Visual Studio Version 16
VisualStudioVersion = 16.0.33529.622
MinimumVisualStudioVersion = 10.0.40219.1
Project("{FAE04EC0-301F-11D3-BF4B-00C04F79EFBC}") = "WebNhaSach", "WebNhaSach.csproj", "{6FC8F39A-50AD-4E01-A0F0-1569816CCABD}"
EndProject
Global
	GlobalSection(SolutionConfigurationPlatforms) = preSolution
		Debug|Any CPU = Debug|Any CPU
		Release|Any CPU = Release|Any CPU
	EndGlobalSection
	GlobalSection(ProjectConfigurationPlatforms) = postSolution
		{6FC8F39A-50AD-4E01-A0F0-1569816CCABD}.Debug|Any CPU.ActiveCfg = Debug|Any CPU
		{6FC8F39A-50AD-4E01-A0F0-1569816CCABD}.Debug|Any CPU.Build.0 = Debug|Any CPU
		{6FC8F39A-50AD-4E01-A0F0-1569816CCABD}.Release|Any CPU.ActiveCfg = Release|Any CPU
		{6FC8F39A-50AD-4E01-A0F0-1569816CCABD}.Release|Any CPU.Build.0 = Release|Any CPU
	EndGlobalSection
	GlobalSection(SolutionProperties) = preSolution
		HideSolutionNode = FALSE
	EndGlobalSection
	GlobalSection(ExtensibilityGlobals) = postSolution
		SolutionGuid = {C0D5B3AB-0B0B-4549-8F70-C6770046F98E}
	EndGlobalSection
EndGlobal
